
Microsoft Visual Studio Solution File, Format Version 12.00
# Visual Studio Version 16
VisualStudioVersion = 16.0.31613.86
MinimumVisualStudioVersion = 10.0.40219.1
Project("{FAE04EC0-301F-11D3-BF4B-00C04F79EFBC}") = "shopping.client", "shopping.client\shopping.client.csproj", "{B7166722-CEF1-467A-9CEA-AC6B6DD824C5}"
EndProject
Global
	GlobalSection(SolutionConfigurationPlatforms) = preSolution
		Debug|Any CPU = Debug|Any CPU
		Release|Any CPU = Release|Any CPU
	EndGlobalSection
	GlobalSection(ProjectConfigurationPlatforms) = postSolution
		{B7166722-CEF1-467A-9CEA-AC6B6DD824C5}.Debug|Any CPU.ActiveCfg = Debug|Any CPU
		{B7166722-CEF1-467A-9CEA-AC6B6DD824C5}.Debug|Any CPU.Build.0 = Debug|Any CPU
		{B7166722-CEF1-467A-9CEA-AC6B6DD824C5}.Release|Any CPU.ActiveCfg = Release|Any CPU
		{B7166722-CEF1-467A-9CEA-AC6B6DD824C5}.Release|Any CPU.Build.0 = Release|Any CPU
	EndGlobalSection
	GlobalSection(SolutionProperties) = preSolution
		HideSolutionNode = FALSE
	EndGlobalSection
	GlobalSection(ExtensibilityGlobals) = postSolution
		SolutionGuid = {6E7DE793-41BC-46AA-A897-369E16EF0C00}
	EndGlobalSection
EndGlobal
